
Microsoft Visual Studio Solution File, Format Version 12.00
# Visual Studio Version 16
VisualStudioVersion = 16.0.28922.388
MinimumVisualStudioVersion = 10.0.40219.1
Project("{2150E333-8FDC-42A3-9474-1A3956D46DE8}") = "Clients", "Clients", "{09D5D835-DD29-499F-9E81-206EF906A0F7}"
EndProject
Project("{2150E333-8FDC-42A3-9474-1A3956D46DE8}") = "Tests", "Tests", "{D3284B56-FCA5-48B7-9FCA-3BD44A9828FC}"
EndProject
Project("{2150E333-8FDC-42A3-9474-1A3956D46DE8}") = "Core", "Core", "{58EFF880-2D85-44D3-83C8-CED3601FA8FF}"
EndProject
Project("{2150E333-8FDC-42A3-9474-1A3956D46DE8}") = "Optimisers", "Optimisers", "{88BA456F-FD82-44B0-AC52-100171ED34F9}"
EndProject
Project("{2150E333-8FDC-42A3-9474-1A3956D46DE8}") = "Examples", "Examples", "{02C8C512-18C0-4A24-8403-F7399EA0EB85}"
EndProject
Project("{9A19103F-16F7-4668-BE54-9A1E7A4F7556}") = "Optimisation.Base.Test", "Optimisation.Base.Test\Optimisation.Base.Test.csproj", "{C76A14AE-21B9-4432-81A4-6B5A80A21B19}"
EndProject
Project("{9A19103F-16F7-4668-BE54-9A1E7A4F7556}") = "Optimisation.Base", "Optimisation.Base\Optimisation.Base.csproj", "{D333C2CF-E87B-4313-8AA7-E75143A97693}"
EndProject
Project("{9A19103F-16F7-4668-BE54-9A1E7A4F7556}") = "Optimisation.Problems", "Optimisation.Problems\Optimisation.Problems.csproj", "{CE89D2F8-263D-42A8-9338-22D633DE1FD7}"
EndProject
Project("{9A19103F-16F7-4668-BE54-9A1E7A4F7556}") = "Optimisation.Problems.Test", "Optimisation.Problems.Test\Optimisation.Problems.Test.csproj", "{9A48E2E0-9B8B-45BD-A059-B4D38D420847}"
EndProject
Project("{9A19103F-16F7-4668-BE54-9A1E7A4F7556}") = "Optimisation.Optimisers.NelderMead", "Optimisation.Optimisers.NelderMead\Optimisation.Optimisers.NelderMead.csproj", "{900DD840-B5ED-4302-B7CE-3E562BE24027}"
EndProject
Project("{FAE04EC0-301F-11D3-BF4B-00C04F79EFBC}") = "Optimisation.Optimisers.NelderMead.Test", "Optimisation.Optimisers.NelderMead.Test\Optimisation.Optimisers.NelderMead.Test.csproj", "{7AFDD4FC-15C4-4910-B131-C7E4C2996A4F}"
EndProject
Project("{FAE04EC0-301F-11D3-BF4B-00C04F79EFBC}") = "Optimisation.HyperParameterTuning", "Optimisation.HyperParameterTuning\Optimisation.HyperParameterTuning.csproj", "{0C20CA89-F3AA-44AE-A59F-87A37A94F3A4}"
EndProject
Global
	GlobalSection(SolutionConfigurationPlatforms) = preSolution
		Debug|Any CPU = Debug|Any CPU
		Release|Any CPU = Release|Any CPU
	EndGlobalSection
	GlobalSection(ProjectConfigurationPlatforms) = postSolution
		{C76A14AE-21B9-4432-81A4-6B5A80A21B19}.Debug|Any CPU.ActiveCfg = Debug|Any CPU
		{C76A14AE-21B9-4432-81A4-6B5A80A21B19}.Debug|Any CPU.Build.0 = Debug|Any CPU
		{C76A14AE-21B9-4432-81A4-6B5A80A21B19}.Release|Any CPU.ActiveCfg = Release|Any CPU
		{C76A14AE-21B9-4432-81A4-6B5A80A21B19}.Release|Any CPU.Build.0 = Release|Any CPU
		{D333C2CF-E87B-4313-8AA7-E75143A97693}.Debug|Any CPU.ActiveCfg = Debug|Any CPU
		{D333C2CF-E87B-4313-8AA7-E75143A97693}.Debug|Any CPU.Build.0 = Debug|Any CPU
		{D333C2CF-E87B-4313-8AA7-E75143A97693}.Release|Any CPU.ActiveCfg = Release|Any CPU
		{D333C2CF-E87B-4313-8AA7-E75143A97693}.Release|Any CPU.Build.0 = Release|Any CPU
		{CE89D2F8-263D-42A8-9338-22D633DE1FD7}.Debug|Any CPU.ActiveCfg = Debug|Any CPU
		{CE89D2F8-263D-42A8-9338-22D633DE1FD7}.Debug|Any CPU.Build.0 = Debug|Any CPU
		{CE89D2F8-263D-42A8-9338-22D633DE1FD7}.Release|Any CPU.ActiveCfg = Release|Any CPU
		{CE89D2F8-263D-42A8-9338-22D633DE1FD7}.Release|Any CPU.Build.0 = Release|Any CPU
		{9A48E2E0-9B8B-45BD-A059-B4D38D420847}.Debug|Any CPU.ActiveCfg = Debug|Any CPU
		{9A48E2E0-9B8B-45BD-A059-B4D38D420847}.Debug|Any CPU.Build.0 = Debug|Any CPU
		{9A48E2E0-9B8B-45BD-A059-B4D38D420847}.Release|Any CPU.ActiveCfg = Release|Any CPU
		{9A48E2E0-9B8B-45BD-A059-B4D38D420847}.Release|Any CPU.Build.0 = Release|Any CPU
		{900DD840-B5ED-4302-B7CE-3E562BE24027}.Debug|Any CPU.ActiveCfg = Debug|Any CPU
		{900DD840-B5ED-4302-B7CE-3E562BE24027}.Debug|Any CPU.Build.0 = Debug|Any CPU
		{900DD840-B5ED-4302-B7CE-3E562BE24027}.Release|Any CPU.ActiveCfg = Release|Any CPU
		{900DD840-B5ED-4302-B7CE-3E562BE24027}.Release|Any CPU.Build.0 = Release|Any CPU
		{7AFDD4FC-15C4-4910-B131-C7E4C2996A4F}.Debug|Any CPU.ActiveCfg = Debug|Any CPU
		{7AFDD4FC-15C4-4910-B131-C7E4C2996A4F}.Debug|Any CPU.Build.0 = Debug|Any CPU
		{7AFDD4FC-15C4-4910-B131-C7E4C2996A4F}.Release|Any CPU.ActiveCfg = Release|Any CPU
		{7AFDD4FC-15C4-4910-B131-C7E4C2996A4F}.Release|Any CPU.Build.0 = Release|Any CPU
		{0C20CA89-F3AA-44AE-A59F-87A37A94F3A4}.Debug|Any CPU.ActiveCfg = Debug|Any CPU
		{0C20CA89-F3AA-44AE-A59F-87A37A94F3A4}.Debug|Any CPU.Build.0 = Debug|Any CPU
		{0C20CA89-F3AA-44AE-A59F-87A37A94F3A4}.Release|Any CPU.ActiveCfg = Release|Any CPU
		{0C20CA89-F3AA-44AE-A59F-87A37A94F3A4}.Release|Any CPU.Build.0 = Release|Any CPU
	EndGlobalSection
	GlobalSection(SolutionProperties) = preSolution
		HideSolutionNode = FALSE
	EndGlobalSection
	GlobalSection(NestedProjects) = preSolution
		{C76A14AE-21B9-4432-81A4-6B5A80A21B19} = {D3284B56-FCA5-48B7-9FCA-3BD44A9828FC}
		{D333C2CF-E87B-4313-8AA7-E75143A97693} = {58EFF880-2D85-44D3-83C8-CED3601FA8FF}
		{CE89D2F8-263D-42A8-9338-22D633DE1FD7} = {58EFF880-2D85-44D3-83C8-CED3601FA8FF}
		{9A48E2E0-9B8B-45BD-A059-B4D38D420847} = {D3284B56-FCA5-48B7-9FCA-3BD44A9828FC}
		{900DD840-B5ED-4302-B7CE-3E562BE24027} = {88BA456F-FD82-44B0-AC52-100171ED34F9}
		{7AFDD4FC-15C4-4910-B131-C7E4C2996A4F} = {D3284B56-FCA5-48B7-9FCA-3BD44A9828FC}
		{0C20CA89-F3AA-44AE-A59F-87A37A94F3A4} = {09D5D835-DD29-499F-9E81-206EF906A0F7}
	EndGlobalSection
	GlobalSection(ExtensibilityGlobals) = postSolution
		SolutionGuid = {F522A748-0D82-472C-B47E-97D3B74655A8}
	EndGlobalSection
EndGlobal
